
Microsoft Visual Studio Solution File, Format Version 12.00
# Visual Studio 2013
VisualStudioVersion = 12.0.21005.1
MinimumVisualStudioVersion = 10.0.40219.1
Project("{FAE04EC0-301F-11D3-BF4B-00C04F79EFBC}") = "Raycaster", "Raycaster\Raycaster.csproj", "{BF618D5D-4AD8-4548-BE7B-327A4B40E9BD}"
EndProject
Project("{FAE04EC0-301F-11D3-BF4B-00C04F79EFBC}") = "RaycasterTest", "RaycasterTest\RaycasterTest.csproj", "{1CAB3DCC-2E50-495C-B603-2BF133BE689C}"
EndProject
Global
	GlobalSection(SolutionConfigurationPlatforms) = preSolution
		Debug|Any CPU = Debug|Any CPU
		Release|Any CPU = Release|Any CPU
	EndGlobalSection
	GlobalSection(ProjectConfigurationPlatforms) = postSolution
		{BF618D5D-4AD8-4548-BE7B-327A4B40E9BD}.Debug|Any CPU.ActiveCfg = Debug|Any CPU
		{BF618D5D-4AD8-4548-BE7B-327A4B40E9BD}.Debug|Any CPU.Build.0 = Debug|Any CPU
		{BF618D5D-4AD8-4548-BE7B-327A4B40E9BD}.Release|Any CPU.ActiveCfg = Release|Any CPU
		{BF618D5D-4AD8-4548-BE7B-327A4B40E9BD}.Release|Any CPU.Build.0 = Release|Any CPU
		{1CAB3DCC-2E50-495C-B603-2BF133BE689C}.Debug|Any CPU.ActiveCfg = Debug|Any CPU
		{1CAB3DCC-2E50-495C-B603-2BF133BE689C}.Debug|Any CPU.Build.0 = Debug|Any CPU
		{1CAB3DCC-2E50-495C-B603-2BF133BE689C}.Release|Any CPU.ActiveCfg = Release|Any CPU
		{1CAB3DCC-2E50-495C-B603-2BF133BE689C}.Release|Any CPU.Build.0 = Release|Any CPU
	EndGlobalSection
	GlobalSection(SolutionProperties) = preSolution
		HideSolutionNode = FALSE
	EndGlobalSection
EndGlobal
